// !$*UTF8*$!
{
	archiveVersion = 1;
	classes = {
	};
	objectVersion = 52;
	objects = {

/* Begin PBXBuildFile section */
		730478DA241D5466002AFD82 /* AppDelegate.swift in Sources */ = {isa = PBXBuildFile; fileRef = 730478D9241D5466002AFD82 /* AppDelegate.swift */; };
		730478E3241D5467002AFD82 /* Assets.xcassets in Resources */ = {isa = PBXBuildFile; fileRef = 730478E2241D5467002AFD82 /* Assets.xcassets */; };
		730478E6241D5467002AFD82 /* LaunchScreen.storyboard in Resources */ = {isa = PBXBuildFile; fileRef = 730478E4241D5467002AFD82 /* LaunchScreen.storyboard */; };
		730478EF241D5495002AFD82 /* ShowcaseKit in Frameworks */ = {isa = PBXBuildFile; productRef = 730478EE241D5495002AFD82 /* ShowcaseKit */; };
		730478F1241D54D4002AFD82 /* ShowcaseViewData.swift in Sources */ = {isa = PBXBuildFile; fileRef = 730478F0241D54D4002AFD82 /* ShowcaseViewData.swift */; };
		730478F4241D571F002AFD82 /* LBTATools in Frameworks */ = {isa = PBXBuildFile; productRef = 730478F3241D571F002AFD82 /* LBTATools */; };
		730478F7241D5A73002AFD82 /* Nuke in Frameworks */ = {isa = PBXBuildFile; productRef = 730478F6241D5A73002AFD82 /* Nuke */; };
		730478F9241D5B48002AFD82 /* Service.swift in Sources */ = {isa = PBXBuildFile; fileRef = 730478F8241D5B48002AFD82 /* Service.swift */; };
		730478FB241D5CE2002AFD82 /* ListController.swift in Sources */ = {isa = PBXBuildFile; fileRef = 730478FA241D5CE2002AFD82 /* ListController.swift */; };
		734B67702553E7B10012F5CF /* ChatLayout in Frameworks */ = {isa = PBXBuildFile; productRef = 734B676F2553E7B10012F5CF /* ChatLayout */; };
		734B67732553E90D0012F5CF /* ChatListController.swift in Sources */ = {isa = PBXBuildFile; fileRef = 734B67722553E90D0012F5CF /* ChatListController.swift */; };
		734B6783255424B50012F5CF /* FPSCounter.swift in Sources */ = {isa = PBXBuildFile; fileRef = 734B6782255424B50012F5CF /* FPSCounter.swift */; };
		734B6785255425330012F5CF /* FPSStatusBarViewController.swift in Sources */ = {isa = PBXBuildFile; fileRef = 734B6784255425330012F5CF /* FPSStatusBarViewController.swift */; };
		735643D825596F3900938B0D /* ListCell.swift in Sources */ = {isa = PBXBuildFile; fileRef = 735643D725596F3900938B0D /* ListCell.swift */; };
		735643DA25596F8000938B0D /* LoadingFooter.swift in Sources */ = {isa = PBXBuildFile; fileRef = 735643D925596F8000938B0D /* LoadingFooter.swift */; };
		735643E02559722E00938B0D /* EnumListController.swift in Sources */ = {isa = PBXBuildFile; fileRef = 735643DF2559722E00938B0D /* EnumListController.swift */; };
		736E0D76256E4F380096A8A7 /* HStackLaysoutChildrenView.swift in Sources */ = {isa = PBXBuildFile; fileRef = 736E0D75256E4F380096A8A7 /* HStackLaysoutChildrenView.swift */; };
		89350411256BFF5200B0ADE0 /* DynamicListView.swift in Sources */ = {isa = PBXBuildFile; fileRef = 89350410256BFF5200B0ADE0 /* DynamicListView.swift */; };
		89350415256BFFFD00B0ADE0 /* FacebookLayoutView.swift in Sources */ = {isa = PBXBuildFile; fileRef = 89350414256BFFFD00B0ADE0 /* FacebookLayoutView.swift */; };
		8960C1A3256FEAEC004963B3 /* CustomViewModifiers.swift in Sources */ = {isa = PBXBuildFile; fileRef = 8960C1A2256FEAEC004963B3 /* CustomViewModifiers.swift */; };
		F7274FD226B9272F004CFB37 /* AnotherCustomView.swift in Sources */ = {isa = PBXBuildFile; fileRef = F7274FD126B9272F004CFB37 /* AnotherCustomView.swift */; };
		F7274FD426B94A95004CFB37 /* TagCloudView.swift in Sources */ = {isa = PBXBuildFile; fileRef = F7274FD326B94A95004CFB37 /* TagCloudView.swift */; };
		F789769526E1FC0000882552 /* CheckView.swift in Sources */ = {isa = PBXBuildFile; fileRef = F789769426E1FC0000882552 /* CheckView.swift */; };
		F789769826E1FD5500882552 /* ButtonAnimationView.swift in Sources */ = {isa = PBXBuildFile; fileRef = F789769726E1FD5500882552 /* ButtonAnimationView.swift */; };
		F789769A26E2058700882552 /* BootView.swift in Sources */ = {isa = PBXBuildFile; fileRef = F789769926E2058700882552 /* BootView.swift */; };
		F793B81125B04375000F3665 /* Gifu in Frameworks */ = {isa = PBXBuildFile; productRef = F793B81025B04375000F3665 /* Gifu */; };
		F793B81425B0438C000F3665 /* TikTokController.swift in Sources */ = {isa = PBXBuildFile; fileRef = F793B81325B0438C000F3665 /* TikTokController.swift */; };
		F793B81825B04405000F3665 /* VideoTableCell.swift in Sources */ = {isa = PBXBuildFile; fileRef = F793B81725B04405000F3665 /* VideoTableCell.swift */; };
		F793B81C25B04446000F3665 /* TemporaryVideoStorage.swift in Sources */ = {isa = PBXBuildFile; fileRef = F793B81B25B04446000F3665 /* TemporaryVideoStorage.swift */; };
		F793B82025B045A4000F3665 /* Mp4Decoder.swift in Sources */ = {isa = PBXBuildFile; fileRef = F793B81F25B045A4000F3665 /* Mp4Decoder.swift */; };
		F79E9D74268D9FC000FE2BD1 /* NativeAdMobView.swift in Sources */ = {isa = PBXBuildFile; fileRef = F79E9D73268D9FC000FE2BD1 /* NativeAdMobView.swift */; };
		F79E9D77268DAA3600FE2BD1 /* ReelsFeedView.swift in Sources */ = {isa = PBXBuildFile; fileRef = F79E9D76268DAA3600FE2BD1 /* ReelsFeedView.swift */; };
		F79E9D7A268DAA5F00FE2BD1 /* VideoModel.swift in Sources */ = {isa = PBXBuildFile; fileRef = F79E9D79268DAA5F00FE2BD1 /* VideoModel.swift */; };
		F7BE7A9425AF10FC00F28F18 /* CustomTabBar.swift in Sources */ = {isa = PBXBuildFile; fileRef = F7BE7A9325AF10FC00F28F18 /* CustomTabBar.swift */; };
		F7BE7A9725AF182600F28F18 /* TabController.swift in Sources */ = {isa = PBXBuildFile; fileRef = F7BE7A9625AF182600F28F18 /* TabController.swift */; };
/* End PBXBuildFile section */

/* Begin PBXFileReference section */
		730478D6241D5466002AFD82 /* BlogShowcase.app */ = {isa = PBXFileReference; explicitFileType = wrapper.application; includeInIndex = 0; path = BlogShowcase.app; sourceTree = BUILT_PRODUCTS_DIR; };
		730478D9241D5466002AFD82 /* AppDelegate.swift */ = {isa = PBXFileReference; lastKnownFileType = sourcecode.swift; path = AppDelegate.swift; sourceTree = "<group>"; };
		730478E2241D5467002AFD82 /* Assets.xcassets */ = {isa = PBXFileReference; lastKnownFileType = folder.assetcatalog; path = Assets.xcassets; sourceTree = "<group>"; };
		730478E5241D5467002AFD82 /* Base */ = {isa = PBXFileReference; lastKnownFileType = file.storyboard; name = Base; path = Base.lproj/LaunchScreen.storyboard; sourceTree = "<group>"; };
		730478E7241D5467002AFD82 /* Info.plist */ = {isa = PBXFileReference; lastKnownFileType = text.plist.xml; path = Info.plist; sourceTree = "<group>"; };
		730478F0241D54D4002AFD82 /* ShowcaseViewData.swift */ = {isa = PBXFileReference; lastKnownFileType = sourcecode.swift; path = ShowcaseViewData.swift; sourceTree = "<group>"; };
		730478F8241D5B48002AFD82 /* Service.swift */ = {isa = PBXFileReference; lastKnownFileType = sourcecode.swift; path = Service.swift; sourceTree = "<group>"; };
		730478FA241D5CE2002AFD82 /* ListController.swift */ = {isa = PBXFileReference; lastKnownFileType = sourcecode.swift; path = ListController.swift; sourceTree = "<group>"; };
		734B67722553E90D0012F5CF /* ChatListController.swift */ = {isa = PBXFileReference; lastKnownFileType = sourcecode.swift; path = ChatListController.swift; sourceTree = "<group>"; };
		734B677C255407D40012F5CF /* WoodPeckeriOS.framework */ = {isa = PBXFileReference; lastKnownFileType = wrapper.framework; path = WoodPeckeriOS.framework; sourceTree = "<group>"; };
		734B6782255424B50012F5CF /* FPSCounter.swift */ = {isa = PBXFileReference; fileEncoding = 4; lastKnownFileType = sourcecode.swift; path = FPSCounter.swift; sourceTree = "<group>"; };
		734B6784255425330012F5CF /* FPSStatusBarViewController.swift */ = {isa = PBXFileReference; fileEncoding = 4; lastKnownFileType = sourcecode.swift; path = FPSStatusBarViewController.swift; sourceTree = "<group>"; };
		735643D725596F3900938B0D /* ListCell.swift */ = {isa = PBXFileReference; lastKnownFileType = sourcecode.swift; path = ListCell.swift; sourceTree = "<group>"; };
		735643D925596F8000938B0D /* LoadingFooter.swift */ = {isa = PBXFileReference; lastKnownFileType = sourcecode.swift; path = LoadingFooter.swift; sourceTree = "<group>"; };
		735643DF2559722E00938B0D /* EnumListController.swift */ = {isa = PBXFileReference; lastKnownFileType = sourcecode.swift; path = EnumListController.swift; sourceTree = "<group>"; };
		736E0D75256E4F380096A8A7 /* HStackLaysoutChildrenView.swift */ = {isa = PBXFileReference; lastKnownFileType = sourcecode.swift; path = HStackLaysoutChildrenView.swift; sourceTree = "<group>"; };
		89350410256BFF5200B0ADE0 /* DynamicListView.swift */ = {isa = PBXFileReference; lastKnownFileType = sourcecode.swift; path = DynamicListView.swift; sourceTree = "<group>"; };
		89350414256BFFFD00B0ADE0 /* FacebookLayoutView.swift */ = {isa = PBXFileReference; lastKnownFileType = sourcecode.swift; path = FacebookLayoutView.swift; sourceTree = "<group>"; };
		8960C1A2256FEAEC004963B3 /* CustomViewModifiers.swift */ = {isa = PBXFileReference; lastKnownFileType = sourcecode.swift; path = CustomViewModifiers.swift; sourceTree = "<group>"; };
		F7274FD126B9272F004CFB37 /* AnotherCustomView.swift */ = {isa = PBXFileReference; lastKnownFileType = sourcecode.swift; path = AnotherCustomView.swift; sourceTree = "<group>"; };
		F7274FD326B94A95004CFB37 /* TagCloudView.swift */ = {isa = PBXFileReference; lastKnownFileType = sourcecode.swift; path = TagCloudView.swift; sourceTree = "<group>"; };
		F789769426E1FC0000882552 /* CheckView.swift */ = {isa = PBXFileReference; lastKnownFileType = sourcecode.swift; path = CheckView.swift; sourceTree = "<group>"; };
		F789769726E1FD5500882552 /* ButtonAnimationView.swift */ = {isa = PBXFileReference; lastKnownFileType = sourcecode.swift; path = ButtonAnimationView.swift; sourceTree = "<group>"; };
		F789769926E2058700882552 /* BootView.swift */ = {isa = PBXFileReference; lastKnownFileType = sourcecode.swift; path = BootView.swift; sourceTree = "<group>"; };
		F793B81325B0438C000F3665 /* TikTokController.swift */ = {isa = PBXFileReference; lastKnownFileType = sourcecode.swift; path = TikTokController.swift; sourceTree = "<group>"; };
		F793B81725B04405000F3665 /* VideoTableCell.swift */ = {isa = PBXFileReference; lastKnownFileType = sourcecode.swift; path = VideoTableCell.swift; sourceTree = "<group>"; };
		F793B81B25B04446000F3665 /* TemporaryVideoStorage.swift */ = {isa = PBXFileReference; lastKnownFileType = sourcecode.swift; path = TemporaryVideoStorage.swift; sourceTree = "<group>"; };
		F793B81F25B045A4000F3665 /* Mp4Decoder.swift */ = {isa = PBXFileReference; lastKnownFileType = sourcecode.swift; path = Mp4Decoder.swift; sourceTree = "<group>"; };
		F79E9D73268D9FC000FE2BD1 /* NativeAdMobView.swift */ = {isa = PBXFileReference; lastKnownFileType = sourcecode.swift; path = NativeAdMobView.swift; sourceTree = "<group>"; };
		F79E9D76268DAA3600FE2BD1 /* ReelsFeedView.swift */ = {isa = PBXFileReference; lastKnownFileType = sourcecode.swift; path = ReelsFeedView.swift; sourceTree = "<group>"; };
		F79E9D79268DAA5F00FE2BD1 /* VideoModel.swift */ = {isa = PBXFileReference; lastKnownFileType = sourcecode.swift; path = VideoModel.swift; sourceTree = "<group>"; };
		F7BE7A9325AF10FC00F28F18 /* CustomTabBar.swift */ = {isa = PBXFileReference; lastKnownFileType = sourcecode.swift; path = CustomTabBar.swift; sourceTree = "<group>"; };
		F7BE7A9625AF182600F28F18 /* TabController.swift */ = {isa = PBXFileReference; lastKnownFileType = sourcecode.swift; path = TabController.swift; sourceTree = "<group>"; };
/* End PBXFileReference section */

/* Begin PBXFrameworksBuildPhase section */
		730478D3241D5466002AFD82 /* Frameworks */ = {
			isa = PBXFrameworksBuildPhase;
			buildActionMask = 2147483647;
			files = (
				734B67702553E7B10012F5CF /* ChatLayout in Frameworks */,
				730478F7241D5A73002AFD82 /* Nuke in Frameworks */,
				730478EF241D5495002AFD82 /* ShowcaseKit in Frameworks */,
				F793B81125B04375000F3665 /* Gifu in Frameworks */,
				730478F4241D571F002AFD82 /* LBTATools in Frameworks */,
			);
			runOnlyForDeploymentPostprocessing = 0;
		};
/* End PBXFrameworksBuildPhase section */

/* Begin PBXGroup section */
		730478CD241D5466002AFD82 = {
			isa = PBXGroup;
			children = (
				730478D8241D5466002AFD82 /* BlogShowcase */,
				730478D7241D5466002AFD82 /* Products */,
				735643DB255970CC00938B0D /* Frameworks */,
			);
			sourceTree = "<group>";
		};
		730478D7241D5466002AFD82 /* Products */ = {
			isa = PBXGroup;
			children = (
				730478D6241D5466002AFD82 /* BlogShowcase.app */,
			);
			name = Products;
			sourceTree = "<group>";
		};
		730478D8241D5466002AFD82 /* BlogShowcase */ = {
			isa = PBXGroup;
			children = (
				735643D525596EDD00938B0D /* showcase */,
				73FE0C372559417A00E6DD39 /* helper */,
				8935040F256BFF3B00B0ADE0 /* SwiftUI */,
				730478D9241D5466002AFD82 /* AppDelegate.swift */,
				730478F0241D54D4002AFD82 /* ShowcaseViewData.swift */,
				735643D625596F0800938B0D /* SupportFile */,
			);
			path = BlogShowcase;
			sourceTree = "<group>";
		};
		735643D525596EDD00938B0D /* showcase */ = {
			isa = PBXGroup;
			children = (
				F793B81625B043B1000F3665 /* TikTokClone */,
				730478FA241D5CE2002AFD82 /* ListController.swift */,
				734B67722553E90D0012F5CF /* ChatListController.swift */,
				735643D725596F3900938B0D /* ListCell.swift */,
				735643D925596F8000938B0D /* LoadingFooter.swift */,
				735643DF2559722E00938B0D /* EnumListController.swift */,
				F7BE7A9625AF182600F28F18 /* TabController.swift */,
			);
			path = showcase;
			sourceTree = "<group>";
		};
		735643D625596F0800938B0D /* SupportFile */ = {
			isa = PBXGroup;
			children = (
				734B677C255407D40012F5CF /* WoodPeckeriOS.framework */,
				730478E2241D5467002AFD82 /* Assets.xcassets */,
				730478E4241D5467002AFD82 /* LaunchScreen.storyboard */,
				730478E7241D5467002AFD82 /* Info.plist */,
			);
			path = SupportFile;
			sourceTree = "<group>";
		};
		735643DB255970CC00938B0D /* Frameworks */ = {
			isa = PBXGroup;
			children = (
			);
			name = Frameworks;
			sourceTree = "<group>";
		};
		73FE0C372559417A00E6DD39 /* helper */ = {
			isa = PBXGroup;
			children = (
				730478F8241D5B48002AFD82 /* Service.swift */,
				734B6784255425330012F5CF /* FPSStatusBarViewController.swift */,
				734B6782255424B50012F5CF /* FPSCounter.swift */,
			);
			path = helper;
			sourceTree = "<group>";
		};
		8935040F256BFF3B00B0ADE0 /* SwiftUI */ = {
			isa = PBXGroup;
			children = (
				F789769626E1FD3A00882552 /* AnimationCheckButton */,
				F79E9D75268DAA0300FE2BD1 /* ReelsDemo */,
				89350410256BFF5200B0ADE0 /* DynamicListView.swift */,
				89350414256BFFFD00B0ADE0 /* FacebookLayoutView.swift */,
				736E0D75256E4F380096A8A7 /* HStackLaysoutChildrenView.swift */,
				8960C1A2256FEAEC004963B3 /* CustomViewModifiers.swift */,
				F7BE7A9325AF10FC00F28F18 /* CustomTabBar.swift */,
				F79E9D73268D9FC000FE2BD1 /* NativeAdMobView.swift */,
				F7274FD126B9272F004CFB37 /* AnotherCustomView.swift */,
				F7274FD326B94A95004CFB37 /* TagCloudView.swift */,
			);
			path = SwiftUI;
			sourceTree = "<group>";
		};
		F789769626E1FD3A00882552 /* AnimationCheckButton */ = {
			isa = PBXGroup;
			children = (
				F789769426E1FC0000882552 /* CheckView.swift */,
				F789769726E1FD5500882552 /* ButtonAnimationView.swift */,
				F789769926E2058700882552 /* BootView.swift */,
			);
			path = AnimationCheckButton;
			sourceTree = "<group>";
		};
		F793B81625B043B1000F3665 /* TikTokClone */ = {
			isa = PBXGroup;
			children = (
				F793B81325B0438C000F3665 /* TikTokController.swift */,
				F793B81725B04405000F3665 /* VideoTableCell.swift */,
				F793B81B25B04446000F3665 /* TemporaryVideoStorage.swift */,
				F793B81F25B045A4000F3665 /* Mp4Decoder.swift */,
			);
			path = TikTokClone;
			sourceTree = "<group>";
		};
		F79E9D75268DAA0300FE2BD1 /* ReelsDemo */ = {
			isa = PBXGroup;
			children = (
				F79E9D78268DAA4200FE2BD1 /* Model */,
				F79E9D76268DAA3600FE2BD1 /* ReelsFeedView.swift */,
			);
			path = ReelsDemo;
			sourceTree = "<group>";
		};
		F79E9D78268DAA4200FE2BD1 /* Model */ = {
			isa = PBXGroup;
			children = (
				F79E9D79268DAA5F00FE2BD1 /* VideoModel.swift */,
			);
			path = Model;
			sourceTree = "<group>";
		};
/* End PBXGroup section */

/* Begin PBXNativeTarget section */
		730478D5241D5466002AFD82 /* BlogShowcase */ = {
			isa = PBXNativeTarget;
			buildConfigurationList = 730478EA241D5467002AFD82 /* Build configuration list for PBXNativeTarget "BlogShowcase" */;
			buildPhases = (
				730478D2241D5466002AFD82 /* Sources */,
				730478D3241D5466002AFD82 /* Frameworks */,
				730478D4241D5466002AFD82 /* Resources */,
			);
			buildRules = (
			);
			dependencies = (
			);
			name = BlogShowcase;
			packageProductDependencies = (
				730478EE241D5495002AFD82 /* ShowcaseKit */,
				730478F3241D571F002AFD82 /* LBTATools */,
				730478F6241D5A73002AFD82 /* Nuke */,
				734B676F2553E7B10012F5CF /* ChatLayout */,
				F793B81025B04375000F3665 /* Gifu */,
			);
			productName = BlogShowcase;
			productReference = 730478D6241D5466002AFD82 /* BlogShowcase.app */;
			productType = "com.apple.product-type.application";
		};
/* End PBXNativeTarget section */

/* Begin PBXProject section */
		730478CE241D5466002AFD82 /* Project object */ = {
			isa = PBXProject;
			attributes = {
				LastSwiftUpdateCheck = 1130;
				LastUpgradeCheck = 1210;
				ORGANIZATIONNAME = wonkwh;
				TargetAttributes = {
					730478D5241D5466002AFD82 = {
						CreatedOnToolsVersion = 11.3.1;
					};
				};
			};
			buildConfigurationList = 730478D1241D5466002AFD82 /* Build configuration list for PBXProject "BlogShowcase" */;
			compatibilityVersion = "Xcode 9.3";
			developmentRegion = en;
			hasScannedForEncodings = 0;
			knownRegions = (
				en,
				Base,
			);
			mainGroup = 730478CD241D5466002AFD82;
			packageReferences = (
				730478ED241D5495002AFD82 /* XCRemoteSwiftPackageReference "ShowcaseKit" */,
				730478F2241D571F002AFD82 /* XCRemoteSwiftPackageReference "LBTATools" */,
				730478F5241D5A73002AFD82 /* XCRemoteSwiftPackageReference "Nuke" */,
				734B676E2553E7B10012F5CF /* XCRemoteSwiftPackageReference "ChatLayout" */,
				F793B80F25B04375000F3665 /* XCRemoteSwiftPackageReference "Gifu" */,
			);
			productRefGroup = 730478D7241D5466002AFD82 /* Products */;
			projectDirPath = "";
			projectRoot = "";
			targets = (
				730478D5241D5466002AFD82 /* BlogShowcase */,
			);
		};
/* End PBXProject section */

/* Begin PBXResourcesBuildPhase section */
		730478D4241D5466002AFD82 /* Resources */ = {
			isa = PBXResourcesBuildPhase;
			buildActionMask = 2147483647;
			files = (
				730478E6241D5467002AFD82 /* LaunchScreen.storyboard in Resources */,
				730478E3241D5467002AFD82 /* Assets.xcassets in Resources */,
			);
			runOnlyForDeploymentPostprocessing = 0;
		};
/* End PBXResourcesBuildPhase section */

/* Begin PBXSourcesBuildPhase section */
		730478D2241D5466002AFD82 /* Sources */ = {
			isa = PBXSourcesBuildPhase;
			buildActionMask = 2147483647;
			files = (
				F789769A26E2058700882552 /* BootView.swift in Sources */,
				736E0D76256E4F380096A8A7 /* HStackLaysoutChildrenView.swift in Sources */,
				F7BE7A9425AF10FC00F28F18 /* CustomTabBar.swift in Sources */,
				730478F9241D5B48002AFD82 /* Service.swift in Sources */,
				735643DA25596F8000938B0D /* LoadingFooter.swift in Sources */,
				F79E9D77268DAA3600FE2BD1 /* ReelsFeedView.swift in Sources */,
				730478DA241D5466002AFD82 /* AppDelegate.swift in Sources */,
				730478F1241D54D4002AFD82 /* ShowcaseViewData.swift in Sources */,
				F793B82025B045A4000F3665 /* Mp4Decoder.swift in Sources */,
				F793B81C25B04446000F3665 /* TemporaryVideoStorage.swift in Sources */,
				8960C1A3256FEAEC004963B3 /* CustomViewModifiers.swift in Sources */,
				734B6785255425330012F5CF /* FPSStatusBarViewController.swift in Sources */,
				F7274FD226B9272F004CFB37 /* AnotherCustomView.swift in Sources */,
				734B67732553E90D0012F5CF /* ChatListController.swift in Sources */,
				F789769526E1FC0000882552 /* CheckView.swift in Sources */,
				F789769826E1FD5500882552 /* ButtonAnimationView.swift in Sources */,
				F7BE7A9725AF182600F28F18 /* TabController.swift in Sources */,
				F79E9D74268D9FC000FE2BD1 /* NativeAdMobView.swift in Sources */,
				F793B81825B04405000F3665 /* VideoTableCell.swift in Sources */,
				735643E02559722E00938B0D /* EnumListController.swift in Sources */,
				735643D825596F3900938B0D /* ListCell.swift in Sources */,
				F7274FD426B94A95004CFB37 /* TagCloudView.swift in Sources */,
				F793B81425B0438C000F3665 /* TikTokController.swift in Sources */,
				F79E9D7A268DAA5F00FE2BD1 /* VideoModel.swift in Sources */,
				734B6783255424B50012F5CF /* FPSCounter.swift in Sources */,
				730478FB241D5CE2002AFD82 /* ListController.swift in Sources */,
				89350415256BFFFD00B0ADE0 /* FacebookLayoutView.swift in Sources */,
				89350411256BFF5200B0ADE0 /* DynamicListView.swift in Sources */,
			);
			runOnlyForDeploymentPostprocessing = 0;
		};
/* End PBXSourcesBuildPhase section */

/* Begin PBXVariantGroup section */
		730478E4241D5467002AFD82 /* LaunchScreen.storyboard */ = {
			isa = PBXVariantGroup;
			children = (
				730478E5241D5467002AFD82 /* Base */,
			);
			name = LaunchScreen.storyboard;
			sourceTree = "<group>";
		};
/* End PBXVariantGroup section */

/* Begin XCBuildConfiguration section */
		730478E8241D5467002AFD82 /* Debug */ = {
			isa = XCBuildConfiguration;
			buildSettings = {
				ALWAYS_SEARCH_USER_PATHS = NO;
				CLANG_ANALYZER_NONNULL = YES;
				CLANG_ANALYZER_NUMBER_OBJECT_CONVERSION = YES_AGGRESSIVE;
				CLANG_CXX_LANGUAGE_STANDARD = "gnu++14";
				CLANG_CXX_LIBRARY = "libc++";
				CLANG_ENABLE_MODULES = YES;
				CLANG_ENABLE_OBJC_ARC = YES;
				CLANG_ENABLE_OBJC_WEAK = YES;
				CLANG_WARN_BLOCK_CAPTURE_AUTORELEASING = YES;
				CLANG_WARN_BOOL_CONVERSION = YES;
				CLANG_WARN_COMMA = YES;
				CLANG_WARN_CONSTANT_CONVERSION = YES;
				CLANG_WARN_DEPRECATED_OBJC_IMPLEMENTATIONS = YES;
				CLANG_WARN_DIRECT_OBJC_ISA_USAGE = YES_ERROR;
				CLANG_WARN_DOCUMENTATION_COMMENTS = YES;
				CLANG_WARN_EMPTY_BODY = YES;
				CLANG_WARN_ENUM_CONVERSION = YES;
				CLANG_WARN_INFINITE_RECURSION = YES;
				CLANG_WARN_INT_CONVERSION = YES;
				CLANG_WARN_NON_LITERAL_NULL_CONVERSION = YES;
				CLANG_WARN_OBJC_IMPLICIT_RETAIN_SELF = YES;
				CLANG_WARN_OBJC_LITERAL_CONVERSION = YES;
				CLANG_WARN_OBJC_ROOT_CLASS = YES_ERROR;
				CLANG_WARN_QUOTED_INCLUDE_IN_FRAMEWORK_HEADER = YES;
				CLANG_WARN_RANGE_LOOP_ANALYSIS = YES;
				CLANG_WARN_STRICT_PROTOTYPES = YES;
				CLANG_WARN_SUSPICIOUS_MOVE = YES;
				CLANG_WARN_UNGUARDED_AVAILABILITY = YES_AGGRESSIVE;
				CLANG_WARN_UNREACHABLE_CODE = YES;
				CLANG_WARN__DUPLICATE_METHOD_MATCH = YES;
				COPY_PHASE_STRIP = NO;
				DEBUG_INFORMATION_FORMAT = dwarf;
				ENABLE_STRICT_OBJC_MSGSEND = YES;
				ENABLE_TESTABILITY = YES;
				GCC_C_LANGUAGE_STANDARD = gnu11;
				GCC_DYNAMIC_NO_PIC = NO;
				GCC_NO_COMMON_BLOCKS = YES;
				GCC_OPTIMIZATION_LEVEL = 0;
				GCC_PREPROCESSOR_DEFINITIONS = (
					"DEBUG=1",
					"$(inherited)",
				);
				GCC_WARN_64_TO_32_BIT_CONVERSION = YES;
				GCC_WARN_ABOUT_RETURN_TYPE = YES_ERROR;
				GCC_WARN_UNDECLARED_SELECTOR = YES;
				GCC_WARN_UNINITIALIZED_AUTOS = YES_AGGRESSIVE;
				GCC_WARN_UNUSED_FUNCTION = YES;
				GCC_WARN_UNUSED_VARIABLE = YES;
				IPHONEOS_DEPLOYMENT_TARGET = 13.2;
				MTL_ENABLE_DEBUG_INFO = INCLUDE_SOURCE;
				MTL_FAST_MATH = YES;
				ONLY_ACTIVE_ARCH = YES;
				SDKROOT = iphoneos;
				SWIFT_ACTIVE_COMPILATION_CONDITIONS = DEBUG;
				SWIFT_OPTIMIZATION_LEVEL = "-Onone";
			};
			name = Debug;
		};
		730478E9241D5467002AFD82 /* Release */ = {
			isa = XCBuildConfiguration;
			buildSettings = {
				ALWAYS_SEARCH_USER_PATHS = NO;
				CLANG_ANALYZER_NONNULL = YES;
				CLANG_ANALYZER_NUMBER_OBJECT_CONVERSION = YES_AGGRESSIVE;
				CLANG_CXX_LANGUAGE_STANDARD = "gnu++14";
				CLANG_CXX_LIBRARY = "libc++";
				CLANG_ENABLE_MODULES = YES;
				CLANG_ENABLE_OBJC_ARC = YES;
				CLANG_ENABLE_OBJC_WEAK = YES;
				CLANG_WARN_BLOCK_CAPTURE_AUTORELEASING = YES;
				CLANG_WARN_BOOL_CONVERSION = YES;
				CLANG_WARN_COMMA = YES;
				CLANG_WARN_CONSTANT_CONVERSION = YES;
				CLANG_WARN_DEPRECATED_OBJC_IMPLEMENTATIONS = YES;
				CLANG_WARN_DIRECT_OBJC_ISA_USAGE = YES_ERROR;
				CLANG_WARN_DOCUMENTATION_COMMENTS = YES;
				CLANG_WARN_EMPTY_BODY = YES;
				CLANG_WARN_ENUM_CONVERSION = YES;
				CLANG_WARN_INFINITE_RECURSION = YES;
				CLANG_WARN_INT_CONVERSION = YES;
				CLANG_WARN_NON_LITERAL_NULL_CONVERSION = YES;
				CLANG_WARN_OBJC_IMPLICIT_RETAIN_SELF = YES;
				CLANG_WARN_OBJC_LITERAL_CONVERSION = YES;
				CLANG_WARN_OBJC_ROOT_CLASS = YES_ERROR;
				CLANG_WARN_QUOTED_INCLUDE_IN_FRAMEWORK_HEADER = YES;
				CLANG_WARN_RANGE_LOOP_ANALYSIS = YES;
				CLANG_WARN_STRICT_PROTOTYPES = YES;
				CLANG_WARN_SUSPICIOUS_MOVE = YES;
				CLANG_WARN_UNGUARDED_AVAILABILITY = YES_AGGRESSIVE;
				CLANG_WARN_UNREACHABLE_CODE = YES;
				CLANG_WARN__DUPLICATE_METHOD_MATCH = YES;
				COPY_PHASE_STRIP = NO;
				DEBUG_INFORMATION_FORMAT = "dwarf-with-dsym";
				ENABLE_NS_ASSERTIONS = NO;
				ENABLE_STRICT_OBJC_MSGSEND = YES;
				GCC_C_LANGUAGE_STANDARD = gnu11;
				GCC_NO_COMMON_BLOCKS = YES;
				GCC_WARN_64_TO_32_BIT_CONVERSION = YES;
				GCC_WARN_ABOUT_RETURN_TYPE = YES_ERROR;
				GCC_WARN_UNDECLARED_SELECTOR = YES;
				GCC_WARN_UNINITIALIZED_AUTOS = YES_AGGRESSIVE;
				GCC_WARN_UNUSED_FUNCTION = YES;
				GCC_WARN_UNUSED_VARIABLE = YES;
				IPHONEOS_DEPLOYMENT_TARGET = 13.2;
				MTL_ENABLE_DEBUG_INFO = NO;
				MTL_FAST_MATH = YES;
				SDKROOT = iphoneos;
				SWIFT_COMPILATION_MODE = wholemodule;
				SWIFT_OPTIMIZATION_LEVEL = "-O";
				VALIDATE_PRODUCT = YES;
			};
			name = Release;
		};
		730478EB241D5467002AFD82 /* Debug */ = {
			isa = XCBuildConfiguration;
			buildSettings = {
				ASSETCATALOG_COMPILER_APPICON_NAME = AppIcon;
				CODE_SIGN_STYLE = Automatic;
				FRAMEWORK_SEARCH_PATHS = (
					"$(inherited)",
					"$(PROJECT_DIR)",
					"$(PROJECT_DIR)/BlogShowcase/SupportFile",
				);
				INFOPLIST_FILE = BlogShowcase/SupportFile/Info.plist;
				IPHONEOS_DEPLOYMENT_TARGET = 13.0;
				LD_RUNPATH_SEARCH_PATHS = (
					"$(inherited)",
					"@executable_path/Frameworks",
				);
				PRODUCT_BUNDLE_IDENTIFIER = com.wonkwh.BlogShowcase;
				PRODUCT_NAME = "$(TARGET_NAME)";
				SWIFT_VERSION = 5.0;
				TARGETED_DEVICE_FAMILY = "1,2";
			};
			name = Debug;
		};
		730478EC241D5467002AFD82 /* Release */ = {
			isa = XCBuildConfiguration;
			buildSettings = {
				ASSETCATALOG_COMPILER_APPICON_NAME = AppIcon;
				CODE_SIGN_STYLE = Automatic;
				FRAMEWORK_SEARCH_PATHS = (
					"$(inherited)",
					"$(PROJECT_DIR)",
					"$(PROJECT_DIR)/BlogShowcase/SupportFile",
				);
				INFOPLIST_FILE = BlogShowcase/SupportFile/Info.plist;
				IPHONEOS_DEPLOYMENT_TARGET = 13.0;
				LD_RUNPATH_SEARCH_PATHS = (
					"$(inherited)",
					"@executable_path/Frameworks",
				);
				PRODUCT_BUNDLE_IDENTIFIER = com.wonkwh.BlogShowcase;
				PRODUCT_NAME = "$(TARGET_NAME)";
				SWIFT_VERSION = 5.0;
				TARGETED_DEVICE_FAMILY = "1,2";
			};
			name = Release;
		};
/* End XCBuildConfiguration section */

/* Begin XCConfigurationList section */
		730478D1241D5466002AFD82 /* Build configuration list for PBXProject "BlogShowcase" */ = {
			isa = XCConfigurationList;
			buildConfigurations = (
				730478E8241D5467002AFD82 /* Debug */,
				730478E9241D5467002AFD82 /* Release */,
			);
			defaultConfigurationIsVisible = 0;
			defaultConfigurationName = Release;
		};
		730478EA241D5467002AFD82 /* Build configuration list for PBXNativeTarget "BlogShowcase" */ = {
			isa = XCConfigurationList;
			buildConfigurations = (
				730478EB241D5467002AFD82 /* Debug */,
				730478EC241D5467002AFD82 /* Release */,
			);
			defaultConfigurationIsVisible = 0;
			defaultConfigurationName = Release;
		};
/* End XCConfigurationList section */

/* Begin XCRemoteSwiftPackageReference section */
		730478ED241D5495002AFD82 /* XCRemoteSwiftPackageReference "ShowcaseKit" */ = {
			isa = XCRemoteSwiftPackageReference;
			repositoryURL = "https://github.com/heetch/ShowcaseKit.git";
			requirement = {
				kind = upToNextMajorVersion;
				minimumVersion = 1.1.1;
			};
		};
		730478F2241D571F002AFD82 /* XCRemoteSwiftPackageReference "LBTATools" */ = {
			isa = XCRemoteSwiftPackageReference;
			repositoryURL = "https://github.com/bhlvoong/LBTATools.git";
			requirement = {
				kind = upToNextMajorVersion;
				minimumVersion = 1.0.17;
			};
		};
		730478F5241D5A73002AFD82 /* XCRemoteSwiftPackageReference "Nuke" */ = {
			isa = XCRemoteSwiftPackageReference;
			repositoryURL = "https://github.com/kean/Nuke.git";
			requirement = {
				kind = upToNextMajorVersion;
				minimumVersion = 9.0.0;
			};
		};
		734B676E2553E7B10012F5CF /* XCRemoteSwiftPackageReference "ChatLayout" */ = {
			isa = XCRemoteSwiftPackageReference;
			repositoryURL = "https://github.com/ekazaev/ChatLayout";
			requirement = {
				kind = upToNextMajorVersion;
				minimumVersion = 0.5.1;
			};
		};
		F793B80F25B04375000F3665 /* XCRemoteSwiftPackageReference "Gifu" */ = {
			isa = XCRemoteSwiftPackageReference;
			repositoryURL = "git@github.com:kaishin/Gifu.git";
			requirement = {
				kind = upToNextMajorVersion;
				minimumVersion = 3.3.0;
			};
		};
/* End XCRemoteSwiftPackageReference section */

/* Begin XCSwiftPackageProductDependency section */
		730478EE241D5495002AFD82 /* ShowcaseKit */ = {
			isa = XCSwiftPackageProductDependency;
			package = 730478ED241D5495002AFD82 /* XCRemoteSwiftPackageReference "ShowcaseKit" */;
			productName = ShowcaseKit;
		};
		730478F3241D571F002AFD82 /* LBTATools */ = {
			isa = XCSwiftPackageProductDependency;
			package = 730478F2241D571F002AFD82 /* XCRemoteSwiftPackageReference "LBTATools" */;
			productName = LBTATools;
		};
		730478F6241D5A73002AFD82 /* Nuke */ = {
			isa = XCSwiftPackageProductDependency;
			package = 730478F5241D5A73002AFD82 /* XCRemoteSwiftPackageReference "Nuke" */;
			productName = Nuke;
		};
		734B676F2553E7B10012F5CF /* ChatLayout */ = {
			isa = XCSwiftPackageProductDependency;
			package = 734B676E2553E7B10012F5CF /* XCRemoteSwiftPackageReference "ChatLayout" */;
			productName = ChatLayout;
		};
		F793B81025B04375000F3665 /* Gifu */ = {
			isa = XCSwiftPackageProductDependency;
			package = F793B80F25B04375000F3665 /* XCRemoteSwiftPackageReference "Gifu" */;
			productName = Gifu;
		};
/* End XCSwiftPackageProductDependency section */
	};
	rootObject = 730478CE241D5466002AFD82 /* Project object */;
}
