// !$*UTF8*$!
{
	archiveVersion = 1;
	classes = {
	};
	objectVersion = 77;
	objects = {

/* Begin PBXContainerItemProxy section */
		79336BA92D5CAE1A005A3C04 /* PBXContainerItemProxy */ = {
			isa = PBXContainerItemProxy;
			containerPortal = 79336B902D5CAE18005A3C04 /* Project object */;
			proxyType = 1;
			remoteGlobalIDString = 79336B972D5CAE18005A3C04;
			remoteInfo = HubSwiftUI;
		};
		79336BB32D5CAE1A005A3C04 /* PBXContainerItemProxy */ = {
			isa = PBXContainerItemProxy;
			containerPortal = 79336B902D5CAE18005A3C04 /* Project object */;
			proxyType = 1;
			remoteGlobalIDString = 79336B972D5CAE18005A3C04;
			remoteInfo = HubSwiftUI;
		};
/* End PBXContainerItemProxy section */

/* Begin PBXFileReference section */
		79336B982D5CAE18005A3C04 /* HubSwiftUI.app */ = {isa = PBXFileReference; explicitFileType = wrapper.application; includeInIndex = 0; path = HubSwiftUI.app; sourceTree = BUILT_PRODUCTS_DIR; };
		79336BA82D5CAE1A005A3C04 /* HubSwiftUITests.xctest */ = {isa = PBXFileReference; explicitFileType = wrapper.cfbundle; includeInIndex = 0; path = HubSwiftUITests.xctest; sourceTree = BUILT_PRODUCTS_DIR; };
		79336BB22D5CAE1A005A3C04 /* HubSwiftUIUITests.xctest */ = {isa = PBXFileReference; explicitFileType = wrapper.cfbundle; includeInIndex = 0; path = HubSwiftUIUITests.xctest; sourceTree = BUILT_PRODUCTS_DIR; };
/* End PBXFileReference section */

/* Begin PBXFileSystemSynchronizedRootGroup section */
		79336B9A2D5CAE18005A3C04 /* HubSwiftUI */ = {
			isa = PBXFileSystemSynchronizedRootGroup;
			path = HubSwiftUI;
			sourceTree = "<group>";
		};
		79336BAB2D5CAE1A005A3C04 /* HubSwiftUITests */ = {
			isa = PBXFileSystemSynchronizedRootGroup;
			path = HubSwiftUITests;
			sourceTree = "<group>";
		};
		79336BB52D5CAE1A005A3C04 /* HubSwiftUIUITests */ = {
			isa = PBXFileSystemSynchronizedRootGroup;
			path = HubSwiftUIUITests;
			sourceTree = "<group>";
		};
/* End PBXFileSystemSynchronizedRootGroup section */

/* Begin PBXFrameworksBuildPhase section */
		79336B952D5CAE18005A3C04 /* Frameworks */ = {
			isa = PBXFrameworksBuildPhase;
			buildActionMask = 2147483647;
			files = (
			);
			runOnlyForDeploymentPostprocessing = 0;
		};
		79336BA52D5CAE1A005A3C04 /* Frameworks */ = {
			isa = PBXFrameworksBuildPhase;
			buildActionMask = 2147483647;
			files = (
			);
			runOnlyForDeploymentPostprocessing = 0;
		};
		79336BAF2D5CAE1A005A3C04 /* Frameworks */ = {
			isa = PBXFrameworksBuildPhase;
			buildActionMask = 2147483647;
			files = (
			);
			runOnlyForDeploymentPostprocessing = 0;
		};
/* End PBXFrameworksBuildPhase section */

/* Begin PBXGroup section */
		79336B8F2D5CAE18005A3C04 = {
			isa = PBXGroup;
			children = (
				79336B9A2D5CAE18005A3C04 /* HubSwiftUI */,
				79336BAB2D5CAE1A005A3C04 /* HubSwiftUITests */,
				79336BB52D5CAE1A005A3C04 /* HubSwiftUIUITests */,
				79336B992D5CAE18005A3C04 /* Products */,
			);
			sourceTree = "<group>";
		};
		79336B992D5CAE18005A3C04 /* Products */ = {
			isa = PBXGroup;
			children = (
				79336B982D5CAE18005A3C04 /* HubSwiftUI.app */,
				79336BA82D5CAE1A005A3C04 /* HubSwiftUITests.xctest */,
				79336BB22D5CAE1A005A3C04 /* HubSwiftUIUITests.xctest */,
			);
			name = Products;
			sourceTree = "<group>";
		};
/* End PBXGroup section */

/* Begin PBXNativeTarget section */
		79336B972D5CAE18005A3C04 /* HubSwiftUI */ = {
			isa = PBXNativeTarget;
			buildConfigurationList = 79336BBC2D5CAE1A005A3C04 /* Build configuration list for PBXNativeTarget "HubSwiftUI" */;
			buildPhases = (
				79336B942D5CAE18005A3C04 /* Sources */,
				79336B952D5CAE18005A3C04 /* Frameworks */,
				79336B962D5CAE18005A3C04 /* Resources */,
			);
			buildRules = (
			);
			dependencies = (
			);
			fileSystemSynchronizedGroups = (
				79336B9A2D5CAE18005A3C04 /* HubSwiftUI */,
			);
			name = HubSwiftUI;
			packageProductDependencies = (
			);
			productName = HubSwiftUI;
			productReference = 79336B982D5CAE18005A3C04 /* HubSwiftUI.app */;
			productType = "com.apple.product-type.application";
		};
		79336BA72D5CAE1A005A3C04 /* HubSwiftUITests */ = {
			isa = PBXNativeTarget;
			buildConfigurationList = 79336BBF2D5CAE1A005A3C04 /* Build configuration list for PBXNativeTarget "HubSwiftUITests" */;
			buildPhases = (
				79336BA42D5CAE1A005A3C04 /* Sources */,
				79336BA52D5CAE1A005A3C04 /* Frameworks */,
				79336BA62D5CAE1A005A3C04 /* Resources */,
			);
			buildRules = (
			);
			dependencies = (
				79336BAA2D5CAE1A005A3C04 /* PBXTargetDependency */,
			);
			fileSystemSynchronizedGroups = (
				79336BAB2D5CAE1A005A3C04 /* HubSwiftUITests */,
			);
			name = HubSwiftUITests;
			packageProductDependencies = (
			);
			productName = HubSwiftUITests;
			productReference = 79336BA82D5CAE1A005A3C04 /* HubSwiftUITests.xctest */;
			productType = "com.apple.product-type.bundle.unit-test";
		};
		79336BB12D5CAE1A005A3C04 /* HubSwiftUIUITests */ = {
			isa = PBXNativeTarget;
			buildConfigurationList = 79336BC22D5CAE1A005A3C04 /* Build configuration list for PBXNativeTarget "HubSwiftUIUITests" */;
			buildPhases = (
				79336BAE2D5CAE1A005A3C04 /* Sources */,
				79336BAF2D5CAE1A005A3C04 /* Frameworks */,
				79336BB02D5CAE1A005A3C04 /* Resources */,
			);
			buildRules = (
			);
			dependencies = (
				79336BB42D5CAE1A005A3C04 /* PBXTargetDependency */,
			);
			fileSystemSynchronizedGroups = (
				79336BB52D5CAE1A005A3C04 /* HubSwiftUIUITests */,
			);
			name = HubSwiftUIUITests;
			packageProductDependencies = (
			);
			productName = HubSwiftUIUITests;
			productReference = 79336BB22D5CAE1A005A3C04 /* HubSwiftUIUITests.xctest */;
			productType = "com.apple.product-type.bundle.ui-testing";
		};
/* End PBXNativeTarget section */

/* Begin PBXProject section */
		79336B902D5CAE18005A3C04 /* Project object */ = {
			isa = PBXProject;
			attributes = {
				BuildIndependentTargetsInParallel = 1;
				LastSwiftUpdateCheck = 1610;
				LastUpgradeCheck = 1610;
				TargetAttributes = {
					79336B972D5CAE18005A3C04 = {
						CreatedOnToolsVersion = 16.1;
					};
					79336BA72D5CAE1A005A3C04 = {
						CreatedOnToolsVersion = 16.1;
						TestTargetID = 79336B972D5CAE18005A3C04;
					};
					79336BB12D5CAE1A005A3C04 = {
						CreatedOnToolsVersion = 16.1;
						TestTargetID = 79336B972D5CAE18005A3C04;
					};
				};
			};
			buildConfigurationList = 79336B932D5CAE18005A3C04 /* Build configuration list for PBXProject "HubSwiftUI" */;
			developmentRegion = en;
			hasScannedForEncodings = 0;
			knownRegions = (
				en,
				Base,
			);
			mainGroup = 79336B8F2D5CAE18005A3C04;
			minimizedProjectReferenceProxies = 1;
			preferredProjectObjectVersion = 77;
			productRefGroup = 79336B992D5CAE18005A3C04 /* Products */;
			projectDirPath = "";
			projectRoot = "";
			targets = (
				79336B972D5CAE18005A3C04 /* HubSwiftUI */,
				79336BA72D5CAE1A005A3C04 /* HubSwiftUITests */,
				79336BB12D5CAE1A005A3C04 /* HubSwiftUIUITests */,
			);
		};
/* End PBXProject section */

/* Begin PBXResourcesBuildPhase section */
		79336B962D5CAE18005A3C04 /* Resources */ = {
			isa = PBXResourcesBuildPhase;
			buildActionMask = 2147483647;
			files = (
			);
			runOnlyForDeploymentPostprocessing = 0;
		};
		79336BA62D5CAE1A005A3C04 /* Resources */ = {
			isa = PBXResourcesBuildPhase;
			buildActionMask = 2147483647;
			files = (
			);
			runOnlyForDeploymentPostprocessing = 0;
		};
		79336BB02D5CAE1A005A3C04 /* Resources */ = {
			isa = PBXResourcesBuildPhase;
			buildActionMask = 2147483647;
			files = (
			);
			runOnlyForDeploymentPostprocessing = 0;
		};
/* End PBXResourcesBuildPhase section */

/* Begin PBXSourcesBuildPhase section */
		79336B942D5CAE18005A3C04 /* Sources */ = {
			isa = PBXSourcesBuildPhase;
			buildActionMask = 2147483647;
			files = (
			);
			runOnlyForDeploymentPostprocessing = 0;
		};
		79336BA42D5CAE1A005A3C04 /* Sources */ = {
			isa = PBXSourcesBuildPhase;
			buildActionMask = 2147483647;
			files = (
			);
			runOnlyForDeploymentPostprocessing = 0;
		};
		79336BAE2D5CAE1A005A3C04 /* Sources */ = {
			isa = PBXSourcesBuildPhase;
			buildActionMask = 2147483647;
			files = (
			);
			runOnlyForDeploymentPostprocessing = 0;
		};
/* End PBXSourcesBuildPhase section */

/* Begin PBXTargetDependency section */
		79336BAA2D5CAE1A005A3C04 /* PBXTargetDependency */ = {
			isa = PBXTargetDependency;
			target = 79336B972D5CAE18005A3C04 /* HubSwiftUI */;
			targetProxy = 79336BA92D5CAE1A005A3C04 /* PBXContainerItemProxy */;
		};
		79336BB42D5CAE1A005A3C04 /* PBXTargetDependency */ = {
			isa = PBXTargetDependency;
			target = 79336B972D5CAE18005A3C04 /* HubSwiftUI */;
			targetProxy = 79336BB32D5CAE1A005A3C04 /* PBXContainerItemProxy */;
		};
/* End PBXTargetDependency section */

/* Begin XCBuildConfiguration section */
		79336BBA2D5CAE1A005A3C04 /* Debug */ = {
			isa = XCBuildConfiguration;
			buildSettings = {
				ALWAYS_SEARCH_USER_PATHS = NO;
				ASSETCATALOG_COMPILER_GENERATE_SWIFT_ASSET_SYMBOL_EXTENSIONS = YES;
				CLANG_ANALYZER_NONNULL = YES;
				CLANG_ANALYZER_NUMBER_OBJECT_CONVERSION = YES_AGGRESSIVE;
				CLANG_CXX_LANGUAGE_STANDARD = "gnu++20";
				CLANG_ENABLE_MODULES = YES;
				CLANG_ENABLE_OBJC_ARC = YES;
				CLANG_ENABLE_OBJC_WEAK = YES;
				CLANG_WARN_BLOCK_CAPTURE_AUTORELEASING = YES;
				CLANG_WARN_BOOL_CONVERSION = YES;
				CLANG_WARN_COMMA = YES;
				CLANG_WARN_CONSTANT_CONVERSION = YES;
				CLANG_WARN_DEPRECATED_OBJC_IMPLEMENTATIONS = YES;
				CLANG_WARN_DIRECT_OBJC_ISA_USAGE = YES_ERROR;
				CLANG_WARN_DOCUMENTATION_COMMENTS = YES;
				CLANG_WARN_EMPTY_BODY = YES;
				CLANG_WARN_ENUM_CONVERSION = YES;
				CLANG_WARN_INFINITE_RECURSION = YES;
				CLANG_WARN_INT_CONVERSION = YES;
				CLANG_WARN_NON_LITERAL_NULL_CONVERSION = YES;
				CLANG_WARN_OBJC_IMPLICIT_RETAIN_SELF = YES;
				CLANG_WARN_OBJC_LITERAL_CONVERSION = YES;
				CLANG_WARN_OBJC_ROOT_CLASS = YES_ERROR;
				CLANG_WARN_QUOTED_INCLUDE_IN_FRAMEWORK_HEADER = YES;
				CLANG_WARN_RANGE_LOOP_ANALYSIS = YES;
				CLANG_WARN_STRICT_PROTOTYPES = YES;
				CLANG_WARN_SUSPICIOUS_MOVE = YES;
				CLANG_WARN_UNGUARDED_AVAILABILITY = YES_AGGRESSIVE;
				CLANG_WARN_UNREACHABLE_CODE = YES;
				CLANG_WARN__DUPLICATE_METHOD_MATCH = YES;
				COPY_PHASE_STRIP = NO;
				DEBUG_INFORMATION_FORMAT = dwarf;
				ENABLE_STRICT_OBJC_MSGSEND = YES;
				ENABLE_TESTABILITY = YES;
				ENABLE_USER_SCRIPT_SANDBOXING = YES;
				GCC_C_LANGUAGE_STANDARD = gnu17;
				GCC_DYNAMIC_NO_PIC = NO;
				GCC_NO_COMMON_BLOCKS = YES;
				GCC_OPTIMIZATION_LEVEL = 0;
				GCC_PREPROCESSOR_DEFINITIONS = (
					"DEBUG=1",
					"$(inherited)",
				);
				GCC_WARN_64_TO_32_BIT_CONVERSION = YES;
				GCC_WARN_ABOUT_RETURN_TYPE = YES_ERROR;
				GCC_WARN_UNDECLARED_SELECTOR = YES;
				GCC_WARN_UNINITIALIZED_AUTOS = YES_AGGRESSIVE;
				GCC_WARN_UNUSED_FUNCTION = YES;
				GCC_WARN_UNUSED_VARIABLE = YES;
				IPHONEOS_DEPLOYMENT_TARGET = 18.1;
				LOCALIZATION_PREFERS_STRING_CATALOGS = YES;
				MTL_ENABLE_DEBUG_INFO = INCLUDE_SOURCE;
				MTL_FAST_MATH = YES;
				ONLY_ACTIVE_ARCH = YES;
				SDKROOT = iphoneos;
				SWIFT_ACTIVE_COMPILATION_CONDITIONS = "DEBUG $(inherited)";
				SWIFT_OPTIMIZATION_LEVEL = "-Onone";
			};
			name = Debug;
		};
		79336BBB2D5CAE1A005A3C04 /* Release */ = {
			isa = XCBuildConfiguration;
			buildSettings = {
				ALWAYS_SEARCH_USER_PATHS = NO;
				ASSETCATALOG_COMPILER_GENERATE_SWIFT_ASSET_SYMBOL_EXTENSIONS = YES;
				CLANG_ANALYZER_NONNULL = YES;
				CLANG_ANALYZER_NUMBER_OBJECT_CONVERSION = YES_AGGRESSIVE;
				CLANG_CXX_LANGUAGE_STANDARD = "gnu++20";
				CLANG_ENABLE_MODULES = YES;
				CLANG_ENABLE_OBJC_ARC = YES;
				CLANG_ENABLE_OBJC_WEAK = YES;
				CLANG_WARN_BLOCK_CAPTURE_AUTORELEASING = YES;
				CLANG_WARN_BOOL_CONVERSION = YES;
				CLANG_WARN_COMMA = YES;
				CLANG_WARN_CONSTANT_CONVERSION = YES;
				CLANG_WARN_DEPRECATED_OBJC_IMPLEMENTATIONS = YES;
				CLANG_WARN_DIRECT_OBJC_ISA_USAGE = YES_ERROR;
				CLANG_WARN_DOCUMENTATION_COMMENTS = YES;
				CLANG_WARN_EMPTY_BODY = YES;
				CLANG_WARN_ENUM_CONVERSION = YES;
				CLANG_WARN_INFINITE_RECURSION = YES;
				CLANG_WARN_INT_CONVERSION = YES;
				CLANG_WARN_NON_LITERAL_NULL_CONVERSION = YES;
				CLANG_WARN_OBJC_IMPLICIT_RETAIN_SELF = YES;
				CLANG_WARN_OBJC_LITERAL_CONVERSION = YES;
				CLANG_WARN_OBJC_ROOT_CLASS = YES_ERROR;
				CLANG_WARN_QUOTED_INCLUDE_IN_FRAMEWORK_HEADER = YES;
				CLANG_WARN_RANGE_LOOP_ANALYSIS = YES;
				CLANG_WARN_STRICT_PROTOTYPES = YES;
				CLANG_WARN_SUSPICIOUS_MOVE = YES;
				CLANG_WARN_UNGUARDED_AVAILABILITY = YES_AGGRESSIVE;
				CLANG_WARN_UNREACHABLE_CODE = YES;
				CLANG_WARN__DUPLICATE_METHOD_MATCH = YES;
				COPY_PHASE_STRIP = NO;
				DEBUG_INFORMATION_FORMAT = "dwarf-with-dsym";
				ENABLE_NS_ASSERTIONS = NO;
				ENABLE_STRICT_OBJC_MSGSEND = YES;
				ENABLE_USER_SCRIPT_SANDBOXING = YES;
				GCC_C_LANGUAGE_STANDARD = gnu17;
				GCC_NO_COMMON_BLOCKS = YES;
				GCC_WARN_64_TO_32_BIT_CONVERSION = YES;
				GCC_WARN_ABOUT_RETURN_TYPE = YES_ERROR;
				GCC_WARN_UNDECLARED_SELECTOR = YES;
				GCC_WARN_UNINITIALIZED_AUTOS = YES_AGGRESSIVE;
				GCC_WARN_UNUSED_FUNCTION = YES;
				GCC_WARN_UNUSED_VARIABLE = YES;
				IPHONEOS_DEPLOYMENT_TARGET = 18.1;
				LOCALIZATION_PREFERS_STRING_CATALOGS = YES;
				MTL_ENABLE_DEBUG_INFO = NO;
				MTL_FAST_MATH = YES;
				SDKROOT = iphoneos;
				SWIFT_COMPILATION_MODE = wholemodule;
				VALIDATE_PRODUCT = YES;
			};
			name = Release;
		};
		79336BBD2D5CAE1A005A3C04 /* Debug */ = {
			isa = XCBuildConfiguration;
			buildSettings = {
				ASSETCATALOG_COMPILER_APPICON_NAME = AppIcon;
				ASSETCATALOG_COMPILER_GLOBAL_ACCENT_COLOR_NAME = AccentColor;
				CODE_SIGN_STYLE = Automatic;
				CURRENT_PROJECT_VERSION = 1;
				DEVELOPMENT_ASSET_PATHS = "\"HubSwiftUI/Preview Content\"";
				DEVELOPMENT_TEAM = GCHCSAWTF2;
				ENABLE_PREVIEWS = YES;
				GENERATE_INFOPLIST_FILE = YES;
				INFOPLIST_KEY_UIApplicationSceneManifest_Generation = YES;
				INFOPLIST_KEY_UIApplicationSupportsIndirectInputEvents = YES;
				INFOPLIST_KEY_UILaunchScreen_Generation = YES;
				INFOPLIST_KEY_UISupportedInterfaceOrientations_iPad = "UIInterfaceOrientationPortrait UIInterfaceOrientationPortraitUpsideDown UIInterfaceOrientationLandscapeLeft UIInterfaceOrientationLandscapeRight";
				INFOPLIST_KEY_UISupportedInterfaceOrientations_iPhone = "UIInterfaceOrientationPortrait UIInterfaceOrientationLandscapeLeft UIInterfaceOrientationLandscapeRight";
				LD_RUNPATH_SEARCH_PATHS = (
					"$(inherited)",
					"@executable_path/Frameworks",
				);
				MARKETING_VERSION = 1.0;
				PRODUCT_BUNDLE_IDENTIFIER = kr.ncn.HubSwiftUI;
				PRODUCT_NAME = "$(TARGET_NAME)";
				SWIFT_EMIT_LOC_STRINGS = YES;
				SWIFT_VERSION = 5.0;
				TARGETED_DEVICE_FAMILY = "1,2";
			};
			name = Debug;
		};
		79336BBE2D5CAE1A005A3C04 /* Release */ = {
			isa = XCBuildConfiguration;
			buildSettings = {
				ASSETCATALOG_COMPILER_APPICON_NAME = AppIcon;
				ASSETCATALOG_COMPILER_GLOBAL_ACCENT_COLOR_NAME = AccentColor;
				CODE_SIGN_STYLE = Automatic;
				CURRENT_PROJECT_VERSION = 1;
				DEVELOPMENT_ASSET_PATHS = "\"HubSwiftUI/Preview Content\"";
				DEVELOPMENT_TEAM = GCHCSAWTF2;
				ENABLE_PREVIEWS = YES;
				GENERATE_INFOPLIST_FILE = YES;
				INFOPLIST_KEY_UIApplicationSceneManifest_Generation = YES;
				INFOPLIST_KEY_UIApplicationSupportsIndirectInputEvents = YES;
				INFOPLIST_KEY_UILaunchScreen_Generation = YES;
				INFOPLIST_KEY_UISupportedInterfaceOrientations_iPad = "UIInterfaceOrientationPortrait UIInterfaceOrientationPortraitUpsideDown UIInterfaceOrientationLandscapeLeft UIInterfaceOrientationLandscapeRight";
				INFOPLIST_KEY_UISupportedInterfaceOrientations_iPhone = "UIInterfaceOrientationPortrait UIInterfaceOrientationLandscapeLeft UIInterfaceOrientationLandscapeRight";
				LD_RUNPATH_SEARCH_PATHS = (
					"$(inherited)",
					"@executable_path/Frameworks",
				);
				MARKETING_VERSION = 1.0;
				PRODUCT_BUNDLE_IDENTIFIER = kr.ncn.HubSwiftUI;
				PRODUCT_NAME = "$(TARGET_NAME)";
				SWIFT_EMIT_LOC_STRINGS = YES;
				SWIFT_VERSION = 5.0;
				TARGETED_DEVICE_FAMILY = "1,2";
			};
			name = Release;
		};
		79336BC02D5CAE1A005A3C04 /* Debug */ = {
			isa = XCBuildConfiguration;
			buildSettings = {
				BUNDLE_LOADER = "$(TEST_HOST)";
				CODE_SIGN_STYLE = Automatic;
				CURRENT_PROJECT_VERSION = 1;
				DEVELOPMENT_TEAM = GCHCSAWTF2;
				GENERATE_INFOPLIST_FILE = YES;
				IPHONEOS_DEPLOYMENT_TARGET = 18.1;
				MARKETING_VERSION = 1.0;
				PRODUCT_BUNDLE_IDENTIFIER = kr.ncn.HubSwiftUITests;
				PRODUCT_NAME = "$(TARGET_NAME)";
				SWIFT_EMIT_LOC_STRINGS = NO;
				SWIFT_VERSION = 5.0;
				TARGETED_DEVICE_FAMILY = "1,2";
				TEST_HOST = "$(BUILT_PRODUCTS_DIR)/HubSwiftUI.app/$(BUNDLE_EXECUTABLE_FOLDER_PATH)/HubSwiftUI";
			};
			name = Debug;
		};
		79336BC12D5CAE1A005A3C04 /* Release */ = {
			isa = XCBuildConfiguration;
			buildSettings = {
				BUNDLE_LOADER = "$(TEST_HOST)";
				CODE_SIGN_STYLE = Automatic;
				CURRENT_PROJECT_VERSION = 1;
				DEVELOPMENT_TEAM = GCHCSAWTF2;
				GENERATE_INFOPLIST_FILE = YES;
				IPHONEOS_DEPLOYMENT_TARGET = 18.1;
				MARKETING_VERSION = 1.0;
				PRODUCT_BUNDLE_IDENTIFIER = kr.ncn.HubSwiftUITests;
				PRODUCT_NAME = "$(TARGET_NAME)";
				SWIFT_EMIT_LOC_STRINGS = NO;
				SWIFT_VERSION = 5.0;
				TARGETED_DEVICE_FAMILY = "1,2";
				TEST_HOST = "$(BUILT_PRODUCTS_DIR)/HubSwiftUI.app/$(BUNDLE_EXECUTABLE_FOLDER_PATH)/HubSwiftUI";
			};
			name = Release;
		};
		79336BC32D5CAE1A005A3C04 /* Debug */ = {
			isa = XCBuildConfiguration;
			buildSettings = {
				CODE_SIGN_STYLE = Automatic;
				CURRENT_PROJECT_VERSION = 1;
				DEVELOPMENT_TEAM = GCHCSAWTF2;
				GENERATE_INFOPLIST_FILE = YES;
				MARKETING_VERSION = 1.0;
				PRODUCT_BUNDLE_IDENTIFIER = kr.ncn.HubSwiftUIUITests;
				PRODUCT_NAME = "$(TARGET_NAME)";
				SWIFT_EMIT_LOC_STRINGS = NO;
				SWIFT_VERSION = 5.0;
				TARGETED_DEVICE_FAMILY = "1,2";
				TEST_TARGET_NAME = HubSwiftUI;
			};
			name = Debug;
		};
		79336BC42D5CAE1A005A3C04 /* Release */ = {
			isa = XCBuildConfiguration;
			buildSettings = {
				CODE_SIGN_STYLE = Automatic;
				CURRENT_PROJECT_VERSION = 1;
				DEVELOPMENT_TEAM = GCHCSAWTF2;
				GENERATE_INFOPLIST_FILE = YES;
				MARKETING_VERSION = 1.0;
				PRODUCT_BUNDLE_IDENTIFIER = kr.ncn.HubSwiftUIUITests;
				PRODUCT_NAME = "$(TARGET_NAME)";
				SWIFT_EMIT_LOC_STRINGS = NO;
				SWIFT_VERSION = 5.0;
				TARGETED_DEVICE_FAMILY = "1,2";
				TEST_TARGET_NAME = HubSwiftUI;
			};
			name = Release;
		};
/* End XCBuildConfiguration section */

/* Begin XCConfigurationList section */
		79336B932D5CAE18005A3C04 /* Build configuration list for PBXProject "HubSwiftUI" */ = {
			isa = XCConfigurationList;
			buildConfigurations = (
				79336BBA2D5CAE1A005A3C04 /* Debug */,
				79336BBB2D5CAE1A005A3C04 /* Release */,
			);
			defaultConfigurationIsVisible = 0;
			defaultConfigurationName = Release;
		};
		79336BBC2D5CAE1A005A3C04 /* Build configuration list for PBXNativeTarget "HubSwiftUI" */ = {
			isa = XCConfigurationList;
			buildConfigurations = (
				79336BBD2D5CAE1A005A3C04 /* Debug */,
				79336BBE2D5CAE1A005A3C04 /* Release */,
			);
			defaultConfigurationIsVisible = 0;
			defaultConfigurationName = Release;
		};
		79336BBF2D5CAE1A005A3C04 /* Build configuration list for PBXNativeTarget "HubSwiftUITests" */ = {
			isa = XCConfigurationList;
			buildConfigurations = (
				79336BC02D5CAE1A005A3C04 /* Debug */,
				79336BC12D5CAE1A005A3C04 /* Release */,
			);
			defaultConfigurationIsVisible = 0;
			defaultConfigurationName = Release;
		};
		79336BC22D5CAE1A005A3C04 /* Build configuration list for PBXNativeTarget "HubSwiftUIUITests" */ = {
			isa = XCConfigurationList;
			buildConfigurations = (
				79336BC32D5CAE1A005A3C04 /* Debug */,
				79336BC42D5CAE1A005A3C04 /* Release */,
			);
			defaultConfigurationIsVisible = 0;
			defaultConfigurationName = Release;
		};
/* End XCConfigurationList section */
	};
	rootObject = 79336B902D5CAE18005A3C04 /* Project object */;
}
