{
  "object": {
    "pins": [
      {
        "package": "ChatLayout",
        "repositoryURL": "https://github.com/ekazaev/ChatLayout",
        "state": {
          "branch": null,
          "revision": "89249b6a4e8c56d877384ef748d8f08164a3af9e",
          "version": "0.5.1"
        }
      },
      {
        "package": "Gifu",
        "repositoryURL": "git@github.com:kaishin/Gifu.git",
        "state": {
          "branch": null,
          "revision": "0ffe24744cc3d82ab9edece53670d0352c6d5507",
          "version": "3.3.0"
        }
      },
      {
        "package": "LBTATools",
        "repositoryURL": "https://github.com/bhlvoong/LBTATools.git",
        "state": {
          "branch": null,
          "revision": "dce147bfbdc0417a4b430ec220c088629e9dc81d",
          "version": "1.0.17"
        }
      },
      {
        "package": "Nuke",
        "repositoryURL": "https://github.com/kean/Nuke.git",
        "state": {
          "branch": null,
          "revision": "fdde04a80497b54e2773c5e5d02dfbb9bdbe99a9",
          "version": "9.2.3"
        }
      },
      {
        "package": "ShowcaseKit",
        "repositoryURL": "https://github.com/heetch/ShowcaseKit.git",
        "state": {
          "branch": null,
          "revision": "41f35bc8a40f90db6dedc3c706e969c0cb473b5d",
          "version": "1.1.1"
        }
      }
    ]
  },
  "version": 1
}
